{
  "name": "redux-persist-transform-immutable",
  "version": "5.0.0",
  "lockfileVersion": 1,
  "requires": true,
  "dependencies": {
    "jsan": {
      "version": "3.1.9",
      "resolved": "https://registry.npmjs.org/jsan/-/jsan-3.1.9.tgz",
      "integrity": "sha1-JwVnbBBY8KfZrCZq0Daldpz6fJY="
    },
    "remotedev-serialize": {
      "version": "0.1.4",
      "resolved": "https://registry.npmjs.org/remotedev-serialize/-/remotedev-serialize-0.1.4.tgz",
      "integrity": "sha512-xFUjsHi/qY14uJmyk1uZynRJli5j5JdTE8Qm2jNCHMQVRSdKRqGh2vqQh6eoOiRX4K8yxjEXqtcxd4Oj2dmK4Q==",
      "requires": {
        "jsan": "3.1.9"
      }
    }
  }
}
